lockfileVersion: "9.0"

settings:
    autoInstallPeers: true
    excludeLinksFromLockfile: false

importers:
    .:
        dependencies:
            polka:
                specifier: 1.0.0-next.28
                version: 1.0.0-next.28
            sirv:
                specifier: ^3.0.2
                version: 3.0.2
        devDependencies:
            prettier:
                specifier: ^3.9.6
                version: 3.9.6

packages:
    "@polka/url@1.0.0-next.29":
        resolution:
            {
                integrity: sha512-wwQAWhWSuHaag8c4q/KN/vCoeOJYshAIvMQwD4GpSb3OiZklFfvAgmj0VCBBImRpuF/aFgIRzllXlVX93Jevww==,
            }

    mrmime@2.0.1:
        resolution:
            {
                integrity: sha512-Y3wQdFg2Va6etvQ5I82yUhGdsKrcYox6p7FfL1LbK2J4V01F9TGlepTIhnK24t7koZibmg82KGglhA1XK5IsLQ==,
            }
        engines: { node: ">=10" }

    polka@1.0.0-next.28:
        resolution:
            {
                integrity: sha512-ryc8D/B5E/YnlWHkNMnRvNntPc4GwU1/+iDBjiXVz1SUjDRqlxYX5Ic0IaDLA/cQ+g7/x+jUzEjv2K16u1J+wA==,
            }
        engines: { node: ">=8" }

    prettier@3.9.6:
        resolution:
            {
                integrity: sha512-OpN0zzVdiaiAhxpuuj5efpIS4sY9j7bY6uR5mnj5yPzGkdkjNKSJeUThPb60Jw29QuAZgA4o+/iB49kFiaBX6g==,
            }
        engines: { node: ">=14" }
        hasBin: true

    regexparam@3.0.0:
        resolution:
            {
                integrity: sha512-RSYAtP31mvYLkAHrOlh25pCNQ5hWnT106VukGaaFfuJrZFkGRX5GhUAdPqpSDXxOhA2c4akmRuplv1mRqnBn6Q==,
            }
        engines: { node: ">=8" }

    sirv@3.0.2:
        resolution:
            {
                integrity: sha512-2wcC/oGxHis/BoHkkPwldgiPSYcpZK3JU28WoMVv55yHJgcZ8rlXvuG9iZggz+sU1d4bRgIGASwyWqjxu3FM0g==,
            }
        engines: { node: ">=18" }

    totalist@3.0.1:
        resolution:
            {
                integrity: sha512-sf4i37nQ2LBx4m3wB74y+ubopq6W/dIzXg0FDGjsYnZHVa1Da8FH853wlL2gtUhg+xJXjfk3kUZS3BRoQeoQBQ==,
            }
        engines: { node: ">=6" }

    trouter@4.0.0:
        resolution:
            {
                integrity: sha512-bwwr76BThfiVwAFZqks5cJ+VoKNM3/2Yg1ZwJslkdmAUQ6S0UNoCoGYFDxdw+u1skfexggdmD2p35kW5Td4Cug==,
            }
        engines: { node: ">=6" }

snapshots:
    "@polka/url@1.0.0-next.29": {}

    mrmime@2.0.1: {}

    polka@1.0.0-next.28:
        dependencies:
            "@polka/url": 1.0.0-next.29
            trouter: 4.0.0

    prettier@3.9.6: {}

    regexparam@3.0.0: {}

    sirv@3.0.2:
        dependencies:
            "@polka/url": 1.0.0-next.29
            mrmime: 2.0.1
            totalist: 3.0.1

    totalist@3.0.1: {}

    trouter@4.0.0:
        dependencies:
            regexparam: 3.0.0
